
Microsoft Visual Studio Solution File, Format Version 12.00
# Visual Studio Version 17
VisualStudioVersion = 17.14.36310.24 d17.14
MinimumVisualStudioVersion = 10.0.40219.1
Project("{FAE04EC0-301F-11D3-BF4B-00C04F79EFBC}") = "Beginner_Team_Project_1", "Beginner_Team_Project_1\Beginner_Team_Project_1.csproj", "{A9992614-A6D0-4EF7-A60E-86FDDB39B56F}"
EndProject
Global
	GlobalSection(SolutionConfigurationPlatforms) = preSolution
		Debug|Any CPU = Debug|Any CPU
		Release|Any CPU = Release|Any CPU
	EndGlobalSection
	GlobalSection(ProjectConfigurationPlatforms) = postSolution
		{A9992614-A6D0-4EF7-A60E-86FDDB39B56F}.Debug|Any CPU.ActiveCfg = Debug|Any CPU
		{A9992614-A6D0-4EF7-A60E-86FDDB39B56F}.Debug|Any CPU.Build.0 = Debug|Any CPU
		{A9992614-A6D0-4EF7-A60E-86FDDB39B56F}.Release|Any CPU.ActiveCfg = Release|Any CPU
		{A9992614-A6D0-4EF7-A60E-86FDDB39B56F}.Release|Any CPU.Build.0 = Release|Any CPU
	EndGlobalSection
	GlobalSection(SolutionProperties) = preSolution
		HideSolutionNode = FALSE
	EndGlobalSection
	GlobalSection(ExtensibilityGlobals) = postSolution
		SolutionGuid = {C3297855-CD6C-4212-BCED-E356D9A9DDD9}
	EndGlobalSection
EndGlobal
